
Microsoft Visual Studio Solution File, Format Version 12.00
# Visual Studio Version 17
VisualStudioVersion = 17.14.36301.6 d17.14
MinimumVisualStudioVersion = 10.0.40219.1
Project("{FAE04EC0-301F-11D3-BF4B-00C04F79EFBC}") = "ModLiquidExampleMod", "ModLiquidExampleMod.csproj", "{7326B58D-BBB8-A73A-9955-EFECA6ABB342}"
EndProject
Global
	GlobalSection(SolutionConfigurationPlatforms) = preSolution
		Debug|Any CPU = Debug|Any CPU
		Release|Any CPU = Release|Any CPU
	EndGlobalSection
	GlobalSection(ProjectConfigurationPlatforms) = postSolution
		{7326B58D-BBB8-A73A-9955-EFECA6ABB342}.Debug|Any CPU.ActiveCfg = Debug|Any CPU
		{7326B58D-BBB8-A73A-9955-EFECA6ABB342}.Debug|Any CPU.Build.0 = Debug|Any CPU
		{7326B58D-BBB8-A73A-9955-EFECA6ABB342}.Release|Any CPU.ActiveCfg = Release|Any CPU
		{7326B58D-BBB8-A73A-9955-EFECA6ABB342}.Release|Any CPU.Build.0 = Release|Any CPU
	EndGlobalSection
	GlobalSection(SolutionProperties) = preSolution
		HideSolutionNode = FALSE
	EndGlobalSection
	GlobalSection(ExtensibilityGlobals) = postSolution
		SolutionGuid = {2BB67EC0-7E9C-4E22-AE24-51CC12F28FBD}
	EndGlobalSection
EndGlobal
